// !$*UTF8*$!
{
	archiveVersion = 1;
	classes = {
	};
	objectVersion = 46;
	objects = {

/* Begin PBXBuildFile section */
		7D6D66FF1B40DF3E00BA3670 /* main.m in Sources */ = {isa = PBXBuildFile; fileRef = 7D6D66FE1B40DF3E00BA3670 /* main.m */; };
		7D6D67021B40DF3E00BA3670 /* AppDelegate.m in Sources */ = {isa = PBXBuildFile; fileRef = 7D6D67011B40DF3E00BA3670 /* AppDelegate.m */; };
		7D6D67051B40DF3E00BA3670 /* ViewController.m in Sources */ = {isa = PBXBuildFile; fileRef = 7D6D67041B40DF3E00BA3670 /* ViewController.m */; };
		7D6D67081B40DF3E00BA3670 /* Main.storyboard in Resources */ = {isa = PBXBuildFile; fileRef = 7D6D67061B40DF3E00BA3670 /* Main.storyboard */; };
		7D6D670A1B40DF3E00BA3670 /* Images.xcassets in Resources */ = {isa = PBXBuildFile; fileRef = 7D6D67091B40DF3E00BA3670 /* Images.xcassets */; };
		7D6D670D1B40DF3E00BA3670 /* LaunchScreen.xib in Resources */ = {isa = PBXBuildFile; fileRef = 7D6D670B1B40DF3E00BA3670 /* LaunchScreen.xib */; };
		7D6D67191B40DF3E00BA3670 /* NeuSoftOnlineTests.m in Sources */ = {isa = PBXBuildFile; fileRef = 7D6D67181B40DF3E00BA3670 /* NeuSoftOnlineTests.m */; };
/* End PBXBuildFile section */

/* Begin PBXContainerItemProxy section */
		7D6D67131B40DF3E00BA3670 /* PBXContainerItemProxy */ = {
			isa = PBXContainerItemProxy;
			containerPortal = 7D6D66F11B40DF3E00BA3670 /* Project object */;
			proxyType = 1;
			remoteGlobalIDString = 7D6D66F81B40DF3E00BA3670;
			remoteInfo = NeuSoftOnline;
		};
/* End PBXContainerItemProxy section */

/* Begin PBXFileReference section */
		7D6D66F91B40DF3E00BA3670 /* NeuSoftOnline.app */ = {isa = PBXFileReference; explicitFileType = wrapper.application; includeInIndex = 0; path = NeuSoftOnline.app; sourceTree = BUILT_PRODUCTS_DIR; };
		7D6D66FD1B40DF3E00BA3670 /* Info.plist */ = {isa = PBXFileReference; lastKnownFileType = text.plist.xml; path = Info.plist; sourceTree = "<group>"; };
		7D6D66FE1B40DF3E00BA3670 /* main.m */ = {isa = PBXFileReference; lastKnownFileType = sourcecode.c.objc; path = main.m; sourceTree = "<group>"; };
		7D6D67001B40DF3E00BA3670 /* AppDelegate.h */ = {isa = PBXFileReference; lastKnownFileType = sourcecode.c.h; path = AppDelegate.h; sourceTree = "<group>"; };
		7D6D67011B40DF3E00BA3670 /* AppDelegate.m */ = {isa = PBXFileReference; lastKnownFileType = sourcecode.c.objc; path = AppDelegate.m; sourceTree = "<group>"; };
		7D6D67031B40DF3E00BA3670 /* ViewController.h */ = {isa = PBXFileReference; lastKnownFileType = sourcecode.c.h; path = ViewController.h; sourceTree = "<group>"; };
		7D6D67041B40DF3E00BA3670 /* ViewController.m */ = {isa = PBXFileReference; lastKnownFileType = sourcecode.c.objc; path = ViewController.m; sourceTree = "<group>"; };
		7D6D67071B40DF3E00BA3670 /* Base */ = {isa = PBXFileReference; lastKnownFileType = file.storyboard; name = Base; path = Base.lproj/Main.storyboard; sourceTree = "<group>"; };
		7D6D67091B40DF3E00BA3670 /* Images.xcassets */ = {isa = PBXFileReference; lastKnownFileType = folder.assetcatalog; path = Images.xcassets; sourceTree = "<group>"; };
		7D6D670C1B40DF3E00BA3670 /* Base */ = {isa = PBXFileReference; lastKnownFileType = file.xib; name = Base; path = Base.lproj/LaunchScreen.xib; sourceTree = "<group>"; };
		7D6D67121B40DF3E00BA3670 /* NeuSoftOnlineTests.xctest */ = {isa = PBXFileReference; explicitFileType = wrapper.cfbundle; includeInIndex = 0; path = NeuSoftOnlineTests.xctest; sourceTree = BUILT_PRODUCTS_DIR; };
		7D6D67171B40DF3E00BA3670 /* Info.plist */ = {isa = PBXFileReference; lastKnownFileType = text.plist.xml; path = Info.plist; sourceTree = "<group>"; };
		7D6D67181B40DF3E00BA3670 /* NeuSoftOnlineTests.m */ = {isa = PBXFileReference; lastKnownFileType = sourcecode.c.objc; path = NeuSoftOnlineTests.m; sourceTree = "<group>"; };
/* End PBXFileReference section */

/* Begin PBXFrameworksBuildPhase section */
		7D6D66F61B40DF3E00BA3670 /* Frameworks */ = {
			isa = PBXFrameworksBuildPhase;
			buildActionMask = 2147483647;
			files = (
			);
			runOnlyForDeploymentPostprocessing = 0;
		};
		7D6D670F1B40DF3E00BA3670 /* Frameworks */ = {
			isa = PBXFrameworksBuildPhase;
			buildActionMask = 2147483647;
			files = (
			);
			runOnlyForDeploymentPostprocessing = 0;
		};
/* End PBXFrameworksBuildPhase section */

/* Begin PBXGroup section */
		7D6D66F01B40DF3E00BA3670 = {
			isa = PBXGroup;
			children = (
				7D6D66FB1B40DF3E00BA3670 /* NeuSoftOnline */,
				7D6D67151B40DF3E00BA3670 /* NeuSoftOnlineTests */,
				7D6D66FA1B40DF3E00BA3670 /* Products */,
			);
			sourceTree = "<group>";
		};
		7D6D66FA1B40DF3E00BA3670 /* Products */ = {
			isa = PBXGroup;
			children = (
				7D6D66F91B40DF3E00BA3670 /* NeuSoftOnline.app */,
				7D6D67121B40DF3E00BA3670 /* NeuSoftOnlineTests.xctest */,
			);
			name = Products;
			sourceTree = "<group>";
		};
		7D6D66FB1B40DF3E00BA3670 /* NeuSoftOnline */ = {
			isa = PBXGroup;
			children = (
				7D6D67001B40DF3E00BA3670 /* AppDelegate.h */,
				7D6D67011B40DF3E00BA3670 /* AppDelegate.m */,
				7D6D67031B40DF3E00BA3670 /* ViewController.h */,
				7D6D67041B40DF3E00BA3670 /* ViewController.m */,
				7D6D67061B40DF3E00BA3670 /* Main.storyboard */,
				7D6D67091B40DF3E00BA3670 /* Images.xcassets */,
				7D6D670B1B40DF3E00BA3670 /* LaunchScreen.xib */,
				7D6D66FC1B40DF3E00BA3670 /* Supporting Files */,
			);
			path = NeuSoftOnline;
			sourceTree = "<group>";
		};
		7D6D66FC1B40DF3E00BA3670 /* Supporting Files */ = {
			isa = PBXGroup;
			children = (
				7D6D66FD1B40DF3E00BA3670 /* Info.plist */,
				7D6D66FE1B40DF3E00BA3670 /* main.m */,
			);
			name = "Supporting Files";
			sourceTree = "<group>";
		};
		7D6D67151B40DF3E00BA3670 /* NeuSoftOnlineTests */ = {
			isa = PBXGroup;
			children = (
				7D6D67181B40DF3E00BA3670 /* NeuSoftOnlineTests.m */,
				7D6D67161B40DF3E00BA3670 /* Supporting Files */,
			);
			path = NeuSoftOnlineTests;
			sourceTree = "<group>";
		};
		7D6D67161B40DF3E00BA3670 /* Supporting Files */ = {
			isa = PBXGroup;
			children = (
				7D6D67171B40DF3E00BA3670 /* Info.plist */,
			);
			name = "Supporting Files";
			sourceTree = "<group>";
		};
/* End PBXGroup section */

/* Begin PBXNativeTarget section */
		7D6D66F81B40DF3E00BA3670 /* NeuSoftOnline */ = {
			isa = PBXNativeTarget;
			buildConfigurationList = 7D6D671C1B40DF3E00BA3670 /* Build configuration list for PBXNativeTarget "NeuSoftOnline" */;
			buildPhases = (
				7D6D66F51B40DF3E00BA3670 /* Sources */,
				7D6D66F61B40DF3E00BA3670 /* Frameworks */,
				7D6D66F71B40DF3E00BA3670 /* Resources */,
			);
			buildRules = (
			);
			dependencies = (
			);
			name = NeuSoftOnline;
			productName = NeuSoftOnline;
			productReference = 7D6D66F91B40DF3E00BA3670 /* NeuSoftOnline.app */;
			productType = "com.apple.product-type.application";
		};
		7D6D67111B40DF3E00BA3670 /* NeuSoftOnlineTests */ = {
			isa = PBXNativeTarget;
			buildConfigurationList = 7D6D671F1B40DF3E00BA3670 /* Build configuration list for PBXNativeTarget "NeuSoftOnlineTests" */;
			buildPhases = (
				7D6D670E1B40DF3E00BA3670 /* Sources */,
				7D6D670F1B40DF3E00BA3670 /* Frameworks */,
				7D6D67101B40DF3E00BA3670 /* Resources */,
			);
			buildRules = (
			);
			dependencies = (
				7D6D67141B40DF3E00BA3670 /* PBXTargetDependency */,
			);
			name = NeuSoftOnlineTests;
			productName = NeuSoftOnlineTests;
			productReference = 7D6D67121B40DF3E00BA3670 /* NeuSoftOnlineTests.xctest */;
			productType = "com.apple.product-type.bundle.unit-test";
		};
/* End PBXNativeTarget section */

/* Begin PBXProject section */
		7D6D66F11B40DF3E00BA3670 /* Project object */ = {
			isa = PBXProject;
			attributes = {
				LastUpgradeCheck = 0610;
				ORGANIZATIONNAME = zcj;
				TargetAttributes = {
					7D6D66F81B40DF3E00BA3670 = {
						CreatedOnToolsVersion = 6.1.1;
					};
					7D6D67111B40DF3E00BA3670 = {
						CreatedOnToolsVersion = 6.1.1;
						TestTargetID = 7D6D66F81B40DF3E00BA3670;
					};
				};
			};
			buildConfigurationList = 7D6D66F41B40DF3E00BA3670 /* Build configuration list for PBXProject "NeuSoftOnline" */;
			compatibilityVersion = "Xcode 3.2";
			developmentRegion = English;
			hasScannedForEncodings = 0;
			knownRegions = (
				en,
				Base,
			);
			mainGroup = 7D6D66F01B40DF3E00BA3670;
			productRefGroup = 7D6D66FA1B40DF3E00BA3670 /* Products */;
			projectDirPath = "";
			projectRoot = "";
			targets = (
				7D6D66F81B40DF3E00BA3670 /* NeuSoftOnline */,
				7D6D67111B40DF3E00BA3670 /* NeuSoftOnlineTests */,
			);
		};
/* End PBXProject section */

/* Begin PBXResourcesBuildPhase section */
		7D6D66F71B40DF3E00BA3670 /* Resources */ = {
			isa = PBXResourcesBuildPhase;
			buildActionMask = 2147483647;
			files = (
				7D6D67081B40DF3E00BA3670 /* Main.storyboard in Resources */,
				7D6D670D1B40DF3E00BA3670 /* LaunchScreen.xib in Resources */,
				7D6D670A1B40DF3E00BA3670 /* Images.xcassets in Resources */,
			);
			runOnlyForDeploymentPostprocessing = 0;
		};
		7D6D67101B40DF3E00BA3670 /* Resources */ = {
			isa = PBXResourcesBuildPhase;
			buildActionMask = 2147483647;
			files = (
			);
			runOnlyForDeploymentPostprocessing = 0;
		};
/* End PBXResourcesBuildPhase section */

/* Begin PBXSourcesBuildPhase section */
		7D6D66F51B40DF3E00BA3670 /* Sources */ = {
			isa = PBXSourcesBuildPhase;
			buildActionMask = 2147483647;
			files = (
				7D6D67051B40DF3E00BA3670 /* ViewController.m in Sources */,
				7D6D67021B40DF3E00BA3670 /* AppDelegate.m in Sources */,
				7D6D66FF1B40DF3E00BA3670 /* main.m in Sources */,
			);
			runOnlyForDeploymentPostprocessing = 0;
		};
		7D6D670E1B40DF3E00BA3670 /* Sources */ = {
			isa = PBXSourcesBuildPhase;
			buildActionMask = 2147483647;
			files = (
				7D6D67191B40DF3E00BA3670 /* NeuSoftOnlineTests.m in Sources */,
			);
			runOnlyForDeploymentPostprocessing = 0;
		};
/* End PBXSourcesBuildPhase section */

/* Begin PBXTargetDependency section */
		7D6D67141B40DF3E00BA3670 /* PBXTargetDependency */ = {
			isa = PBXTargetDependency;
			target = 7D6D66F81B40DF3E00BA3670 /* NeuSoftOnline */;
			targetProxy = 7D6D67131B40DF3E00BA3670 /* PBXContainerItemProxy */;
		};
/* End PBXTargetDependency section */

/* Begin PBXVariantGroup section */
		7D6D67061B40DF3E00BA3670 /* Main.storyboard */ = {
			isa = PBXVariantGroup;
			children = (
				7D6D67071B40DF3E00BA3670 /* Base */,
			);
			name = Main.storyboard;
			sourceTree = "<group>";
		};
		7D6D670B1B40DF3E00BA3670 /* LaunchScreen.xib */ = {
			isa = PBXVariantGroup;
			children = (
				7D6D670C1B40DF3E00BA3670 /* Base */,
			);
			name = LaunchScreen.xib;
			sourceTree = "<group>";
		};
/* End PBXVariantGroup section */

/* Begin XCBuildConfiguration section */
		7D6D671A1B40DF3E00BA3670 /* Debug */ = {
			isa = XCBuildConfiguration;
			buildSettings = {
				ALWAYS_SEARCH_USER_PATHS = NO;
				CLANG_CXX_LANGUAGE_STANDARD = "gnu++0x";
				CLANG_CXX_LIBRARY = "libc++";
				CLANG_ENABLE_MODULES = YES;
				CLANG_ENABLE_OBJC_ARC = YES;
				CLANG_WARN_BOOL_CONVERSION = YES;
				CLANG_WARN_CONSTANT_CONVERSION = YES;
				CLANG_WARN_DIRECT_OBJC_ISA_USAGE = YES_ERROR;
				CLANG_WARN_EMPTY_BODY = YES;
				CLANG_WARN_ENUM_CONVERSION = YES;
				CLANG_WARN_INT_CONVERSION = YES;
				CLANG_WARN_OBJC_ROOT_CLASS = YES_ERROR;
				CLANG_WARN_UNREACHABLE_CODE = YES;
				CLANG_WARN__DUPLICATE_METHOD_MATCH = YES;
				"CODE_SIGN_IDENTITY[sdk=iphoneos*]" = "iPhone Developer";
				COPY_PHASE_STRIP = NO;
				ENABLE_STRICT_OBJC_MSGSEND = YES;
				GCC_C_LANGUAGE_STANDARD = gnu99;
				GCC_DYNAMIC_NO_PIC = NO;
				GCC_OPTIMIZATION_LEVEL = 0;
				GCC_PREPROCESSOR_DEFINITIONS = (
					"DEBUG=1",
					"$(inherited)",
				);
				GCC_SYMBOLS_PRIVATE_EXTERN = NO;
				GCC_WARN_64_TO_32_BIT_CONVERSION = YES;
				GCC_WARN_ABOUT_RETURN_TYPE = YES_ERROR;
				GCC_WARN_UNDECLARED_SELECTOR = YES;
				GCC_WARN_UNINITIALIZED_AUTOS = YES_AGGRESSIVE;
				GCC_WARN_UNUSED_FUNCTION = YES;
				GCC_WARN_UNUSED_VARIABLE = YES;
				IPHONEOS_DEPLOYMENT_TARGET = 8.1;
				MTL_ENABLE_DEBUG_INFO = YES;
				ONLY_ACTIVE_ARCH = YES;
				SDKROOT = iphoneos;
				TARGETED_DEVICE_FAMILY = "1,2";
			};
			name = Debug;
		};
		7D6D671B1B40DF3E00BA3670 /* Release */ = {
			isa = XCBuildConfiguration;
			buildSettings = {
				ALWAYS_SEARCH_USER_PATHS = NO;
				CLANG_CXX_LANGUAGE_STANDARD = "gnu++0x";
				CLANG_CXX_LIBRARY = "libc++";
				CLANG_ENABLE_MODULES = YES;
				CLANG_ENABLE_OBJC_ARC = YES;
				CLANG_WARN_BOOL_CONVERSION = YES;
				CLANG_WARN_CONSTANT_CONVERSION = YES;
				CLANG_WARN_DIRECT_OBJC_ISA_USAGE = YES_ERROR;
				CLANG_WARN_EMPTY_BODY = YES;
				CLANG_WARN_ENUM_CONVERSION = YES;
				CLANG_WARN_INT_CONVERSION = YES;
				CLANG_WARN_OBJC_ROOT_CLASS = YES_ERROR;
				CLANG_WARN_UNREACHABLE_CODE = YES;
				CLANG_WARN__DUPLICATE_METHOD_MATCH = YES;
				"CODE_SIGN_IDENTITY[sdk=iphoneos*]" = "iPhone Developer";
				COPY_PHASE_STRIP = YES;
				ENABLE_NS_ASSERTIONS = NO;
				ENABLE_STRICT_OBJC_MSGSEND = YES;
				GCC_C_LANGUAGE_STANDARD = gnu99;
				GCC_WARN_64_TO_32_BIT_CONVERSION = YES;
				GCC_WARN_ABOUT_RETURN_TYPE = YES_ERROR;
				GCC_WARN_UNDECLARED_SELECTOR = YES;
				GCC_WARN_UNINITIALIZED_AUTOS = YES_AGGRESSIVE;
				GCC_WARN_UNUSED_FUNCTION = YES;
				GCC_WARN_UNUSED_VARIABLE = YES;
				IPHONEOS_DEPLOYMENT_TARGET = 8.1;
				MTL_ENABLE_DEBUG_INFO = NO;
				SDKROOT = iphoneos;
				TARGETED_DEVICE_FAMILY = "1,2";
				VALIDATE_PRODUCT = YES;
			};
			name = Release;
		};
		7D6D671D1B40DF3E00BA3670 /* Debug */ = {
			isa = XCBuildConfiguration;
			buildSettings = {
				ASSETCATALOG_COMPILER_APPICON_NAME = AppIcon;
				INFOPLIST_FILE = NeuSoftOnline/Info.plist;
				LD_RUNPATH_SEARCH_PATHS = "$(inherited) @executable_path/Frameworks";
				PRODUCT_NAME = "$(TARGET_NAME)";
			};
			name = Debug;
		};
		7D6D671E1B40DF3E00BA3670 /* Release */ = {
			isa = XCBuildConfiguration;
			buildSettings = {
				ASSETCATALOG_COMPILER_APPICON_NAME = AppIcon;
				INFOPLIST_FILE = NeuSoftOnline/Info.plist;
				LD_RUNPATH_SEARCH_PATHS = "$(inherited) @executable_path/Frameworks";
				PRODUCT_NAME = "$(TARGET_NAME)";
			};
			name = Release;
		};
		7D6D67201B40DF3E00BA3670 /* Debug */ = {
			isa = XCBuildConfiguration;
			buildSettings = {
				BUNDLE_LOADER = "$(TEST_HOST)";
				FRAMEWORK_SEARCH_PATHS = (
					"$(SDKROOT)/Developer/Library/Frameworks",
					"$(inherited)",
				);
				GCC_PREPROCESSOR_DEFINITIONS = (
					"DEBUG=1",
					"$(inherited)",
				);
				INFOPLIST_FILE = NeuSoftOnlineTests/Info.plist;
				LD_RUNPATH_SEARCH_PATHS = "$(inherited) @executable_path/Frameworks @loader_path/Frameworks";
				PRODUCT_NAME = "$(TARGET_NAME)";
				TEST_HOST = "$(BUILT_PRODUCTS_DIR)/NeuSoftOnline.app/NeuSoftOnline";
			};
			name = Debug;
		};
		7D6D67211B40DF3E00BA3670 /* Release */ = {
			isa = XCBuildConfiguration;
			buildSettings = {
				BUNDLE_LOADER = "$(TEST_HOST)";
				FRAMEWORK_SEARCH_PATHS = (
					"$(SDKROOT)/Developer/Library/Frameworks",
					"$(inherited)",
				);
				INFOPLIST_FILE = NeuSoftOnlineTests/Info.plist;
				LD_RUNPATH_SEARCH_PATHS = "$(inherited) @executable_path/Frameworks @loader_path/Frameworks";
				PRODUCT_NAME = "$(TARGET_NAME)";
				TEST_HOST = "$(BUILT_PRODUCTS_DIR)/NeuSoftOnline.app/NeuSoftOnline";
			};
			name = Release;
		};
/* End XCBuildConfiguration section */

/* Begin XCConfigurationList section */
		7D6D66F41B40DF3E00BA3670 /* Build configuration list for PBXProject "NeuSoftOnline" */ = {
			isa = XCConfigurationList;
			buildConfigurations = (
				7D6D671A1B40DF3E00BA3670 /* Debug */,
				7D6D671B1B40DF3E00BA3670 /* Release */,
			);
			defaultConfigurationIsVisible = 0;
			defaultConfigurationName = Release;
		};
		7D6D671C1B40DF3E00BA3670 /* Build configuration list for PBXNativeTarget "NeuSoftOnline" */ = {
			isa = XCConfigurationList;
			buildConfigurations = (
				7D6D671D1B40DF3E00BA3670 /* Debug */,
				7D6D671E1B40DF3E00BA3670 /* Release */,
			);
			defaultConfigurationIsVisible = 0;
		};
		7D6D671F1B40DF3E00BA3670 /* Build configuration list for PBXNativeTarget "NeuSoftOnlineTests" */ = {
			isa = XCConfigurationList;
			buildConfigurations = (
				7D6D67201B40DF3E00BA3670 /* Debug */,
				7D6D67211B40DF3E00BA3670 /* Release */,
			);
			defaultConfigurationIsVisible = 0;
		};
/* End XCConfigurationList section */
	};
	rootObject = 7D6D66F11B40DF3E00BA3670 /* Project object */;
}
